
Microsoft Visual Studio Solution File, Format Version 12.00
# Visual Studio Version 17
VisualStudioVersion = 17.0.31903.59
MinimumVisualStudioVersion = 10.0.40219.1
Project("{2150E333-8FDC-42A3-9474-1A3956D46DE8}") = "Solution Items", "Solution Items", "{2C700071-07C8-4703-B05A-DC39D39EBB9B}"
	ProjectSection(SolutionItems) = preProject
		.gitignore = .gitignore
		Directory.Build.props = Directory.Build.props
		LICENSE = LICENSE
		nuget.config = nuget.config
		README.md = README.md
		version.props = version.props
	EndProjectSection
EndProject
Project("{9A19103F-16F7-4668-BE54-9A1E7A4F7556}") = "Parithon.StreamDeck.SDK.Targets", "Parithon.StreamDeck.SDK.Targets\Parithon.StreamDeck.SDK.Targets.csproj", "{8496D544-CA61-4B6D-8E0B-22950CFCFDE6}"
EndProject
Project("{9A19103F-16F7-4668-BE54-9A1E7A4F7556}") = "TestConsole", "TestConsole\TestConsole.csproj", "{2CCB947A-E8E1-4377-AD01-FE94CABA97C6}"
	ProjectSection(ProjectDependencies) = postProject
		{8496D544-CA61-4B6D-8E0B-22950CFCFDE6} = {8496D544-CA61-4B6D-8E0B-22950CFCFDE6}
	EndProjectSection
EndProject
Global
	GlobalSection(SolutionConfigurationPlatforms) = preSolution
		Debug|Any CPU = Debug|Any CPU
		Release|Any CPU = Release|Any CPU
	EndGlobalSection
	GlobalSection(ProjectConfigurationPlatforms) = postSolution
		{8496D544-CA61-4B6D-8E0B-22950CFCFDE6}.Debug|Any CPU.ActiveCfg = Debug|Any CPU
		{8496D544-CA61-4B6D-8E0B-22950CFCFDE6}.Debug|Any CPU.Build.0 = Debug|Any CPU
		{8496D544-CA61-4B6D-8E0B-22950CFCFDE6}.Release|Any CPU.ActiveCfg = Release|Any CPU
		{8496D544-CA61-4B6D-8E0B-22950CFCFDE6}.Release|Any CPU.Build.0 = Release|Any CPU
		{2CCB947A-E8E1-4377-AD01-FE94CABA97C6}.Debug|Any CPU.ActiveCfg = Debug|Any CPU
		{2CCB947A-E8E1-4377-AD01-FE94CABA97C6}.Debug|Any CPU.Build.0 = Debug|Any CPU
		{2CCB947A-E8E1-4377-AD01-FE94CABA97C6}.Release|Any CPU.ActiveCfg = Release|Any CPU
		{2CCB947A-E8E1-4377-AD01-FE94CABA97C6}.Release|Any CPU.Build.0 = Release|Any CPU
	EndGlobalSection
	GlobalSection(SolutionProperties) = preSolution
		HideSolutionNode = FALSE
	EndGlobalSection
	GlobalSection(ExtensibilityGlobals) = postSolution
		SolutionGuid = {EF5E21A6-ADDA-4634-83CE-FD8027A4DB33}
	EndGlobalSection
EndGlobal
